// !$*UTF8*$!
{
	archiveVersion = 1;
	classes = {
	};
	objectVersion = 56;
	objects = {

/* Begin PBXBuildFile section */
		950DF30F28DA079200C4D17A /* TextView+Convenience.swift in Sources */ = {isa = PBXBuildFile; fileRef = 950DF30E28DA079200C4D17A /* TextView+Convenience.swift */; };
		950DF31128DA0D5400C4D17A /* GutenbergAboutView.swift in Sources */ = {isa = PBXBuildFile; fileRef = 950DF31028DA0D5400C4D17A /* GutenbergAboutView.swift */; };
		950DF31328DA12C600C4D17A /* Credits.md in Resources */ = {isa = PBXBuildFile; fileRef = 950DF31228DA12C600C4D17A /* Credits.md */; };
		950DF31528DA19D100C4D17A /* UIApplication+Version.swift in Sources */ = {isa = PBXBuildFile; fileRef = 950DF31428DA19D100C4D17A /* UIApplication+Version.swift */; };
		95315F5728D8B2830079E831 /* Entrypoint.swift in Sources */ = {isa = PBXBuildFile; fileRef = 95315F5628D8B2830079E831 /* Entrypoint.swift */; };
		95315F5B28D8B2830079E831 /* ContentView.swift in Sources */ = {isa = PBXBuildFile; fileRef = 95315F5A28D8B2830079E831 /* ContentView.swift */; };
		95315F5D28D8B2840079E831 /* Assets.xcassets in Resources */ = {isa = PBXBuildFile; fileRef = 95315F5C28D8B2840079E831 /* Assets.xcassets */; };
		95315F6028D8B2840079E831 /* Preview Assets.xcassets in Resources */ = {isa = PBXBuildFile; fileRef = 95315F5F28D8B2840079E831 /* Preview Assets.xcassets */; };
		95315F6628D8B33E0079E831 /* JensonDocument.swift in Sources */ = {isa = PBXBuildFile; fileRef = 95B5D24F28CA747B00C7C07A /* JensonDocument.swift */; };
		95315F6928D8B3810079E831 /* JensonKit in Frameworks */ = {isa = PBXBuildFile; productRef = 95315F6828D8B3810079E831 /* JensonKit */; };
		95315F6B28D8B3AC0079E831 /* String+AttributedString.swift in Sources */ = {isa = PBXBuildFile; fileRef = 9533177C28D4B53F00E6E516 /* String+AttributedString.swift */; };
		95315F6C28D8B3AC0079E831 /* JensonFile+Dummy.swift in Sources */ = {isa = PBXBuildFile; fileRef = 957B97C828D656B40050B41A /* JensonFile+Dummy.swift */; };
		95315F6E28D8B3E20079E831 /* JensonDocument+AppKit.swift in Sources */ = {isa = PBXBuildFile; fileRef = 95315F6D28D8B3E20079E831 /* JensonDocument+AppKit.swift */; };
		95315F7128D8B5E90079E831 /* Runestone in Frameworks */ = {isa = PBXBuildFile; productRef = 95315F7028D8B5E90079E831 /* Runestone */; };
		95315F7428D8B6E60079E831 /* RunestoneEditor.swift in Sources */ = {isa = PBXBuildFile; fileRef = 95315F7328D8B6E60079E831 /* RunestoneEditor.swift */; };
		9533177B28D4B1C400E6E516 /* iAWriterMonoV.ttf in Resources */ = {isa = PBXBuildFile; fileRef = 9533177A28D4B1C400E6E516 /* iAWriterMonoV.ttf */; };
		9533177D28D4B53F00E6E516 /* String+AttributedString.swift in Sources */ = {isa = PBXBuildFile; fileRef = 9533177C28D4B53F00E6E516 /* String+AttributedString.swift */; };
		9533177F28D4B7ED00E6E516 /* CrimsonText-Regular.ttf in Resources */ = {isa = PBXBuildFile; fileRef = 9533177E28D4B7ED00E6E516 /* CrimsonText-Regular.ttf */; };
		9533178228D4BAC300E6E516 /* CrimsonText-Bold.ttf in Resources */ = {isa = PBXBuildFile; fileRef = 9533178128D4BAA200E6E516 /* CrimsonText-Bold.ttf */; };
		9533178428D4BBB300E6E516 /* CrimsonText-Italic.ttf in Resources */ = {isa = PBXBuildFile; fileRef = 9533178328D4BBB300E6E516 /* CrimsonText-Italic.ttf */; };
		9558462528D8BE21004EE8CD /* JensonDocumentPropertiesView.swift in Sources */ = {isa = PBXBuildFile; fileRef = 9597F90628CB744100A886E3 /* JensonDocumentPropertiesView.swift */; };
		9558462628D8BE74004EE8CD /* ListTableRow.swift in Sources */ = {isa = PBXBuildFile; fileRef = 95AD1ED128D8A25B00EF8827 /* ListTableRow.swift */; };
		9558462D28D8E09F004EE8CD /* TreeSitterJSON in Frameworks */ = {isa = PBXBuildFile; productRef = 9558462C28D8E09F004EE8CD /* TreeSitterJSON */; };
		9558463128D8E0AC004EE8CD /* TreeSitterJSONRunestone in Frameworks */ = {isa = PBXBuildFile; productRef = 9558463028D8E0AC004EE8CD /* TreeSitterJSONRunestone */; };
		9558463328D8E158004EE8CD /* TreeSitterLanguagesCommon in Frameworks */ = {isa = PBXBuildFile; productRef = 9558463228D8E158004EE8CD /* TreeSitterLanguagesCommon */; };
		9558463528D8E203004EE8CD /* PreviewThemeSelection.swift in Sources */ = {isa = PBXBuildFile; fileRef = 9597F92928CBB4FA00A886E3 /* PreviewThemeSelection.swift */; };
		9558463628D8E206004EE8CD /* PreviewTheme.swift in Sources */ = {isa = PBXBuildFile; fileRef = 9597F92728CBB0ED00A886E3 /* PreviewTheme.swift */; };
		9558463728D8E239004EE8CD /* PaddedHStack.swift in Sources */ = {isa = PBXBuildFile; fileRef = 95AD1ED528D8AA2D00EF8827 /* PaddedHStack.swift */; };
		9558463828D8E252004EE8CD /* JensonChoiceGroup.swift in Sources */ = {isa = PBXBuildFile; fileRef = 95AD1ED728D8AB0300EF8827 /* JensonChoiceGroup.swift */; };
		9558463928D8E252004EE8CD /* JensonRefreshEventCell.swift in Sources */ = {isa = PBXBuildFile; fileRef = 95AD1EDA28D8AB2F00EF8827 /* JensonRefreshEventCell.swift */; };
		9558463A28D8E252004EE8CD /* JensonDialogueCell.swift in Sources */ = {isa = PBXBuildFile; fileRef = 95AD1EDE28D8ACE100EF8827 /* JensonDialogueCell.swift */; };
		9558463B28D8E252004EE8CD /* JensonQuestionCell.swift in Sources */ = {isa = PBXBuildFile; fileRef = 95AD1EE028D8AD4000EF8827 /* JensonQuestionCell.swift */; };
		9558463C28D8E252004EE8CD /* JensonCommentCell.swift in Sources */ = {isa = PBXBuildFile; fileRef = 95AD1EDC28D8AC7500EF8827 /* JensonCommentCell.swift */; };
		9558463D28D8E252004EE8CD /* JensonCellView.swift in Sources */ = {isa = PBXBuildFile; fileRef = 95B5D26228CA7D9900C7C07A /* JensonCellView.swift */; };
		9558463F28D8E274004EE8CD /* GutenbergSourceView.swift in Sources */ = {isa = PBXBuildFile; fileRef = 9558463E28D8E274004EE8CD /* GutenbergSourceView.swift */; };
		9558464128D8E368004EE8CD /* JensonDocument+Transferable.swift in Sources */ = {isa = PBXBuildFile; fileRef = 9558464028D8E368004EE8CD /* JensonDocument+Transferable.swift */; };
		9558464528D8EB4B004EE8CD /* Introspect in Frameworks */ = {isa = PBXBuildFile; productRef = 9558464428D8EB4B004EE8CD /* Introspect */; };
		9558464628D8F1D9004EE8CD /* JensonViewerPane.swift in Sources */ = {isa = PBXBuildFile; fileRef = 9597F91C28CB907D00A886E3 /* JensonViewerPane.swift */; };
		9558464728D8F496004EE8CD /* CrimsonText-Regular.ttf in Resources */ = {isa = PBXBuildFile; fileRef = 9533177E28D4B7ED00E6E516 /* CrimsonText-Regular.ttf */; };
		9558464828D8F496004EE8CD /* iAWriterMonoV.ttf in Resources */ = {isa = PBXBuildFile; fileRef = 9533177A28D4B1C400E6E516 /* iAWriterMonoV.ttf */; };
		9558464928D8F496004EE8CD /* CrimsonText-Italic.ttf in Resources */ = {isa = PBXBuildFile; fileRef = 9533178328D4BBB300E6E516 /* CrimsonText-Italic.ttf */; };
		9558464A28D8F496004EE8CD /* CrimsonText-Bold.ttf in Resources */ = {isa = PBXBuildFile; fileRef = 9533178128D4BAA200E6E516 /* CrimsonText-Bold.ttf */; };
		9558464C28D8F63E004EE8CD /* GutenbergPreview.swift in Sources */ = {isa = PBXBuildFile; fileRef = 9558464B28D8F63E004EE8CD /* GutenbergPreview.swift */; };
		9558464D28D8F744004EE8CD /* JensonThemePicker.swift in Sources */ = {isa = PBXBuildFile; fileRef = 95AD1ED328D8A8ED00EF8827 /* JensonThemePicker.swift */; };
		957B97C728D6530C0050B41A /* NSSavePanel+StringWriteable.swift in Sources */ = {isa = PBXBuildFile; fileRef = 957B97C628D6530C0050B41A /* NSSavePanel+StringWriteable.swift */; };
		957B97C928D656B40050B41A /* JensonFile+Dummy.swift in Sources */ = {isa = PBXBuildFile; fileRef = 957B97C828D656B40050B41A /* JensonFile+Dummy.swift */; };
		957B97CB28D660180050B41A /* FocusedValues+Document.swift in Sources */ = {isa = PBXBuildFile; fileRef = 957B97CA28D660180050B41A /* FocusedValues+Document.swift */; };
		957B97CE28D661A40050B41A /* PreviewPreferenceCommands.swift in Sources */ = {isa = PBXBuildFile; fileRef = 957B97CD28D661A40050B41A /* PreviewPreferenceCommands.swift */; };
		957B97D028D662690050B41A /* DebuggingCommands.swift in Sources */ = {isa = PBXBuildFile; fileRef = 957B97CF28D662690050B41A /* DebuggingCommands.swift */; };
		957B97D228D66B2C0050B41A /* JensonFileValidator.swift in Sources */ = {isa = PBXBuildFile; fileRef = 957B97D128D66B2C0050B41A /* JensonFileValidator.swift */; };
		95874480290AC64B00397288 /* GutenbergSettingsMenu.swift in Sources */ = {isa = PBXBuildFile; fileRef = 9587447F290AC64B00397288 /* GutenbergSettingsMenu.swift */; };
		95874482290ACA0E00397288 /* Credits.rtf in Resources */ = {isa = PBXBuildFile; fileRef = 95874481290ACA0E00397288 /* Credits.rtf */; };
		95874484290ACD0700397288 /* GutenbergSourceEditorViewModel.swift in Sources */ = {isa = PBXBuildFile; fileRef = 95874483290ACD0700397288 /* GutenbergSourceEditorViewModel.swift */; };
		95874486290ACD9900397288 /* GutenbergSourceEditorMenu.swift in Sources */ = {isa = PBXBuildFile; fileRef = 95874485290ACD9900397288 /* GutenbergSourceEditorMenu.swift */; };
		9597F90728CB744100A886E3 /* JensonDocumentPropertiesView.swift in Sources */ = {isa = PBXBuildFile; fileRef = 9597F90628CB744100A886E3 /* JensonDocumentPropertiesView.swift */; };
		9597F90A28CB76CD00A886E3 /* Introspect in Frameworks */ = {isa = PBXBuildFile; productRef = 9597F90928CB76CD00A886E3 /* Introspect */; };
		9597F90E28CB7DEE00A886E3 /* JensonSettingsView.swift in Sources */ = {isa = PBXBuildFile; fileRef = 9597F90D28CB7DEE00A886E3 /* JensonSettingsView.swift */; };
		9597F91628CB898E00A886E3 /* JensonSourceView.swift in Sources */ = {isa = PBXBuildFile; fileRef = 9597F91528CB898E00A886E3 /* JensonSourceView.swift */; };
		9597F91D28CB907D00A886E3 /* JensonViewerPane.swift in Sources */ = {isa = PBXBuildFile; fileRef = 9597F91C28CB907D00A886E3 /* JensonViewerPane.swift */; };
		9597F91F28CB940F00A886E3 /* JensonFilePreview.swift in Sources */ = {isa = PBXBuildFile; fileRef = 9597F91E28CB940F00A886E3 /* JensonFilePreview.swift */; };
		9597F92628CBAAD700A886E3 /* Credits.rtf in Resources */ = {isa = PBXBuildFile; fileRef = 9597F92528CBAAD700A886E3 /* Credits.rtf */; };
		9597F92828CBB0ED00A886E3 /* PreviewTheme.swift in Sources */ = {isa = PBXBuildFile; fileRef = 9597F92728CBB0ED00A886E3 /* PreviewTheme.swift */; };
		9597F92A28CBB4FA00A886E3 /* PreviewThemeSelection.swift in Sources */ = {isa = PBXBuildFile; fileRef = 9597F92928CBB4FA00A886E3 /* PreviewThemeSelection.swift */; };
		95AD1ED228D8A25B00EF8827 /* ListTableRow.swift in Sources */ = {isa = PBXBuildFile; fileRef = 95AD1ED128D8A25B00EF8827 /* ListTableRow.swift */; };
		95AD1ED428D8A8ED00EF8827 /* JensonThemePicker.swift in Sources */ = {isa = PBXBuildFile; fileRef = 95AD1ED328D8A8ED00EF8827 /* JensonThemePicker.swift */; };
		95AD1ED628D8AA2D00EF8827 /* PaddedHStack.swift in Sources */ = {isa = PBXBuildFile; fileRef = 95AD1ED528D8AA2D00EF8827 /* PaddedHStack.swift */; };
		95AD1ED828D8AB0300EF8827 /* JensonChoiceGroup.swift in Sources */ = {isa = PBXBuildFile; fileRef = 95AD1ED728D8AB0300EF8827 /* JensonChoiceGroup.swift */; };
		95AD1EDB28D8AB2F00EF8827 /* JensonRefreshEventCell.swift in Sources */ = {isa = PBXBuildFile; fileRef = 95AD1EDA28D8AB2F00EF8827 /* JensonRefreshEventCell.swift */; };
		95AD1EDD28D8AC7500EF8827 /* JensonCommentCell.swift in Sources */ = {isa = PBXBuildFile; fileRef = 95AD1EDC28D8AC7500EF8827 /* JensonCommentCell.swift */; };
		95AD1EDF28D8ACE100EF8827 /* JensonDialogueCell.swift in Sources */ = {isa = PBXBuildFile; fileRef = 95AD1EDE28D8ACE100EF8827 /* JensonDialogueCell.swift */; };
		95AD1EE128D8AD4000EF8827 /* JensonQuestionCell.swift in Sources */ = {isa = PBXBuildFile; fileRef = 95AD1EE028D8AD4000EF8827 /* JensonQuestionCell.swift */; };
		95B5D24E28CA747B00C7C07A /* Entrypoint.swift in Sources */ = {isa = PBXBuildFile; fileRef = 95B5D24D28CA747B00C7C07A /* Entrypoint.swift */; };
		95B5D25028CA747B00C7C07A /* JensonDocument.swift in Sources */ = {isa = PBXBuildFile; fileRef = 95B5D24F28CA747B00C7C07A /* JensonDocument.swift */; };
		95B5D25228CA747B00C7C07A /* ContentView.swift in Sources */ = {isa = PBXBuildFile; fileRef = 95B5D25128CA747B00C7C07A /* ContentView.swift */; };
		95B5D25428CA747D00C7C07A /* Assets.xcassets in Resources */ = {isa = PBXBuildFile; fileRef = 95B5D25328CA747D00C7C07A /* Assets.xcassets */; };
		95B5D25728CA747D00C7C07A /* Preview Assets.xcassets in Resources */ = {isa = PBXBuildFile; fileRef = 95B5D25628CA747D00C7C07A /* Preview Assets.xcassets */; };
		95B5D26128CA757100C7C07A /* JensonKit in Frameworks */ = {isa = PBXBuildFile; productRef = 95B5D26028CA757100C7C07A /* JensonKit */; };
		95B5D26328CA7D9900C7C07A /* JensonCellView.swift in Sources */ = {isa = PBXBuildFile; fileRef = 95B5D26228CA7D9900C7C07A /* JensonCellView.swift */; };
		95D75D3D28DA416000062587 /* GutenbergDocumentContainer.swift in Sources */ = {isa = PBXBuildFile; fileRef = 95D75D3C28DA416000062587 /* GutenbergDocumentContainer.swift */; };
		95D75D4028DA446000062587 /* ModifiedDefaultTheme.swift in Sources */ = {isa = PBXBuildFile; fileRef = 95D75D3F28DA446000062587 /* ModifiedDefaultTheme.swift */; };
		95D75D4228DA448E00062587 /* RunestoneEditorDelegate.swift in Sources */ = {isa = PBXBuildFile; fileRef = 95D75D4128DA448E00062587 /* RunestoneEditorDelegate.swift */; };
		95DB209B28CFB5FF0079D624 /* CodeEditorView in Frameworks */ = {isa = PBXBuildFile; productRef = 95DB209A28CFB5FF0079D624 /* CodeEditorView */; };
		95F6E18D28D4DEB300CD9FFB /* FileValidator.swift in Sources */ = {isa = PBXBuildFile; fileRef = 95F6E18C28D4DEB300CD9FFB /* FileValidator.swift */; };
/* End PBXBuildFile section */

/* Begin PBXFileReference section */
		950DF30E28DA079200C4D17A /* TextView+Convenience.swift */ = {isa = PBXFileReference; lastKnownFileType = sourcecode.swift; path = "TextView+Convenience.swift"; sourceTree = "<group>"; };
		950DF31028DA0D5400C4D17A /* GutenbergAboutView.swift */ = {isa = PBXFileReference; lastKnownFileType = sourcecode.swift; path = GutenbergAboutView.swift; sourceTree = "<group>"; };
		950DF31228DA12C600C4D17A /* Credits.md */ = {isa = PBXFileReference; lastKnownFileType = net.daringfireball.markdown; path = Credits.md; sourceTree = "<group>"; };
		950DF31428DA19D100C4D17A /* UIApplication+Version.swift */ = {isa = PBXFileReference; lastKnownFileType = sourcecode.swift; path = "UIApplication+Version.swift"; sourceTree = "<group>"; };
		950DF31628DA297400C4D17A /* Gutenberg (iOS).entitlements */ = {isa = PBXFileReference; lastKnownFileType = text.plist.entitlements; path = "Gutenberg (iOS).entitlements"; sourceTree = "<group>"; };
		95315F5428D8B2830079E831 /* Gutenberg.app */ = {isa = PBXFileReference; explicitFileType = wrapper.application; includeInIndex = 0; path = Gutenberg.app; sourceTree = BUILT_PRODUCTS_DIR; };
		95315F5628D8B2830079E831 /* Entrypoint.swift */ = {isa = PBXFileReference; lastKnownFileType = sourcecode.swift; path = Entrypoint.swift; sourceTree = "<group>"; };
		95315F5A28D8B2830079E831 /* ContentView.swift */ = {isa = PBXFileReference; lastKnownFileType = sourcecode.swift; path = ContentView.swift; sourceTree = "<group>"; };
		95315F5C28D8B2840079E831 /* Assets.xcassets */ = {isa = PBXFileReference; lastKnownFileType = folder.assetcatalog; path = Assets.xcassets; sourceTree = "<group>"; };
		95315F5F28D8B2840079E831 /* Preview Assets.xcassets */ = {isa = PBXFileReference; lastKnownFileType = folder.assetcatalog; path = "Preview Assets.xcassets"; sourceTree = "<group>"; };
		95315F6128D8B2840079E831 /* Info.plist */ = {isa = PBXFileReference; lastKnownFileType = text.plist.xml; path = Info.plist; sourceTree = "<group>"; };
		95315F6D28D8B3E20079E831 /* JensonDocument+AppKit.swift */ = {isa = PBXFileReference; lastKnownFileType = sourcecode.swift; path = "JensonDocument+AppKit.swift"; sourceTree = "<group>"; };
		95315F7328D8B6E60079E831 /* RunestoneEditor.swift */ = {isa = PBXFileReference; lastKnownFileType = sourcecode.swift; path = RunestoneEditor.swift; sourceTree = "<group>"; };
		9533177A28D4B1C400E6E516 /* iAWriterMonoV.ttf */ = {isa = PBXFileReference; lastKnownFileType = file; path = iAWriterMonoV.ttf; sourceTree = "<group>"; };
		9533177C28D4B53F00E6E516 /* String+AttributedString.swift */ = {isa = PBXFileReference; lastKnownFileType = sourcecode.swift; path = "String+AttributedString.swift"; sourceTree = "<group>"; };
		9533177E28D4B7ED00E6E516 /* CrimsonText-Regular.ttf */ = {isa = PBXFileReference; lastKnownFileType = file; path = "CrimsonText-Regular.ttf"; sourceTree = "<group>"; };
		9533178128D4BAA200E6E516 /* CrimsonText-Bold.ttf */ = {isa = PBXFileReference; lastKnownFileType = file; path = "CrimsonText-Bold.ttf"; sourceTree = "<group>"; };
		9533178328D4BBB300E6E516 /* CrimsonText-Italic.ttf */ = {isa = PBXFileReference; lastKnownFileType = file; path = "CrimsonText-Italic.ttf"; sourceTree = "<group>"; };
		953CC65F28DB5A790038853A /* CHANGELOG.md */ = {isa = PBXFileReference; lastKnownFileType = net.daringfireball.markdown; path = CHANGELOG.md; sourceTree = "<group>"; };
		9558463E28D8E274004EE8CD /* GutenbergSourceView.swift */ = {isa = PBXFileReference; lastKnownFileType = sourcecode.swift; path = GutenbergSourceView.swift; sourceTree = "<group>"; };
		9558464028D8E368004EE8CD /* JensonDocument+Transferable.swift */ = {isa = PBXFileReference; lastKnownFileType = sourcecode.swift; path = "JensonDocument+Transferable.swift"; sourceTree = "<group>"; };
		9558464B28D8F63E004EE8CD /* GutenbergPreview.swift */ = {isa = PBXFileReference; lastKnownFileType = sourcecode.swift; path = GutenbergPreview.swift; sourceTree = "<group>"; };
		9569158C28DB460A000D3D8F /* README.md */ = {isa = PBXFileReference; lastKnownFileType = net.daringfireball.markdown; path = README.md; sourceTree = "<group>"; };
		9569158D28DB47DF000D3D8F /* LICENSE.md */ = {isa = PBXFileReference; lastKnownFileType = net.daringfireball.markdown; path = LICENSE.md; sourceTree = "<group>"; };
		957B97C628D6530C0050B41A /* NSSavePanel+StringWriteable.swift */ = {isa = PBXFileReference; lastKnownFileType = sourcecode.swift; path = "NSSavePanel+StringWriteable.swift"; sourceTree = "<group>"; };
		957B97C828D656B40050B41A /* JensonFile+Dummy.swift */ = {isa = PBXFileReference; lastKnownFileType = sourcecode.swift; path = "JensonFile+Dummy.swift"; sourceTree = "<group>"; };
		957B97CA28D660180050B41A /* FocusedValues+Document.swift */ = {isa = PBXFileReference; lastKnownFileType = sourcecode.swift; path = "FocusedValues+Document.swift"; sourceTree = "<group>"; };
		957B97CD28D661A40050B41A /* PreviewPreferenceCommands.swift */ = {isa = PBXFileReference; lastKnownFileType = sourcecode.swift; path = PreviewPreferenceCommands.swift; sourceTree = "<group>"; };
		957B97CF28D662690050B41A /* DebuggingCommands.swift */ = {isa = PBXFileReference; lastKnownFileType = sourcecode.swift; path = DebuggingCommands.swift; sourceTree = "<group>"; };
		957B97D128D66B2C0050B41A /* JensonFileValidator.swift */ = {isa = PBXFileReference; lastKnownFileType = sourcecode.swift; path = JensonFileValidator.swift; sourceTree = "<group>"; };
		9587447F290AC64B00397288 /* GutenbergSettingsMenu.swift */ = {isa = PBXFileReference; lastKnownFileType = sourcecode.swift; path = GutenbergSettingsMenu.swift; sourceTree = "<group>"; };
		95874481290ACA0E00397288 /* Credits.rtf */ = {isa = PBXFileReference; fileEncoding = 4; lastKnownFileType = text.rtf; path = Credits.rtf; sourceTree = "<group>"; };
		95874483290ACD0700397288 /* GutenbergSourceEditorViewModel.swift */ = {isa = PBXFileReference; lastKnownFileType = sourcecode.swift; path = GutenbergSourceEditorViewModel.swift; sourceTree = "<group>"; };
		95874485290ACD9900397288 /* GutenbergSourceEditorMenu.swift */ = {isa = PBXFileReference; lastKnownFileType = sourcecode.swift; path = GutenbergSourceEditorMenu.swift; sourceTree = "<group>"; };
		9597F90628CB744100A886E3 /* JensonDocumentPropertiesView.swift */ = {isa = PBXFileReference; lastKnownFileType = sourcecode.swift; path = JensonDocumentPropertiesView.swift; sourceTree = "<group>"; };
		9597F90D28CB7DEE00A886E3 /* JensonSettingsView.swift */ = {isa = PBXFileReference; lastKnownFileType = sourcecode.swift; path = JensonSettingsView.swift; sourceTree = "<group>"; };
		9597F91528CB898E00A886E3 /* JensonSourceView.swift */ = {isa = PBXFileReference; lastKnownFileType = sourcecode.swift; path = JensonSourceView.swift; sourceTree = "<group>"; };
		9597F91C28CB907D00A886E3 /* JensonViewerPane.swift */ = {isa = PBXFileReference; lastKnownFileType = sourcecode.swift; path = JensonViewerPane.swift; sourceTree = "<group>"; };
		9597F91E28CB940F00A886E3 /* JensonFilePreview.swift */ = {isa = PBXFileReference; lastKnownFileType = sourcecode.swift; path = JensonFilePreview.swift; sourceTree = "<group>"; };
		9597F92528CBAAD700A886E3 /* Credits.rtf */ = {isa = PBXFileReference; lastKnownFileType = text.rtf; path = Credits.rtf; sourceTree = "<group>"; };
		9597F92728CBB0ED00A886E3 /* PreviewTheme.swift */ = {isa = PBXFileReference; lastKnownFileType = sourcecode.swift; path = PreviewTheme.swift; sourceTree = "<group>"; };
		9597F92928CBB4FA00A886E3 /* PreviewThemeSelection.swift */ = {isa = PBXFileReference; lastKnownFileType = sourcecode.swift; path = PreviewThemeSelection.swift; sourceTree = "<group>"; };
		95AD1ED128D8A25B00EF8827 /* ListTableRow.swift */ = {isa = PBXFileReference; lastKnownFileType = sourcecode.swift; path = ListTableRow.swift; sourceTree = "<group>"; };
		95AD1ED328D8A8ED00EF8827 /* JensonThemePicker.swift */ = {isa = PBXFileReference; lastKnownFileType = sourcecode.swift; path = JensonThemePicker.swift; sourceTree = "<group>"; };
		95AD1ED528D8AA2D00EF8827 /* PaddedHStack.swift */ = {isa = PBXFileReference; lastKnownFileType = sourcecode.swift; path = PaddedHStack.swift; sourceTree = "<group>"; };
		95AD1ED728D8AB0300EF8827 /* JensonChoiceGroup.swift */ = {isa = PBXFileReference; lastKnownFileType = sourcecode.swift; path = JensonChoiceGroup.swift; sourceTree = "<group>"; };
		95AD1EDA28D8AB2F00EF8827 /* JensonRefreshEventCell.swift */ = {isa = PBXFileReference; lastKnownFileType = sourcecode.swift; path = JensonRefreshEventCell.swift; sourceTree = "<group>"; };
		95AD1EDC28D8AC7500EF8827 /* JensonCommentCell.swift */ = {isa = PBXFileReference; lastKnownFileType = sourcecode.swift; path = JensonCommentCell.swift; sourceTree = "<group>"; };
		95AD1EDE28D8ACE100EF8827 /* JensonDialogueCell.swift */ = {isa = PBXFileReference; lastKnownFileType = sourcecode.swift; path = JensonDialogueCell.swift; sourceTree = "<group>"; };
		95AD1EE028D8AD4000EF8827 /* JensonQuestionCell.swift */ = {isa = PBXFileReference; lastKnownFileType = sourcecode.swift; path = JensonQuestionCell.swift; sourceTree = "<group>"; };
		95B5D24A28CA747B00C7C07A /* Gutenberg Mac.app */ = {isa = PBXFileReference; explicitFileType = wrapper.application; includeInIndex = 0; path = "Gutenberg Mac.app"; sourceTree = BUILT_PRODUCTS_DIR; };
		95B5D24D28CA747B00C7C07A /* Entrypoint.swift */ = {isa = PBXFileReference; lastKnownFileType = sourcecode.swift; path = Entrypoint.swift; sourceTree = "<group>"; };
		95B5D24F28CA747B00C7C07A /* JensonDocument.swift */ = {isa = PBXFileReference; lastKnownFileType = sourcecode.swift; path = JensonDocument.swift; sourceTree = "<group>"; };
		95B5D25128CA747B00C7C07A /* ContentView.swift */ = {isa = PBXFileReference; lastKnownFileType = sourcecode.swift; path = ContentView.swift; sourceTree = "<group>"; };
		95B5D25328CA747D00C7C07A /* Assets.xcassets */ = {isa = PBXFileReference; lastKnownFileType = folder.assetcatalog; path = Assets.xcassets; sourceTree = "<group>"; };
		95B5D25628CA747D00C7C07A /* Preview Assets.xcassets */ = {isa = PBXFileReference; lastKnownFileType = folder.assetcatalog; path = "Preview Assets.xcassets"; sourceTree = "<group>"; };
		95B5D25828CA747D00C7C07A /* Info.plist */ = {isa = PBXFileReference; lastKnownFileType = text.plist.xml; path = Info.plist; sourceTree = "<group>"; };
		95B5D25928CA747D00C7C07A /* Gutenberg.entitlements */ = {isa = PBXFileReference; lastKnownFileType = text.plist.entitlements; path = Gutenberg.entitlements; sourceTree = "<group>"; };
		95B5D26228CA7D9900C7C07A /* JensonCellView.swift */ = {isa = PBXFileReference; lastKnownFileType = sourcecode.swift; path = JensonCellView.swift; sourceTree = "<group>"; };
		95D75D3C28DA416000062587 /* GutenbergDocumentContainer.swift */ = {isa = PBXFileReference; lastKnownFileType = sourcecode.swift; path = GutenbergDocumentContainer.swift; sourceTree = "<group>"; };
		95D75D3F28DA446000062587 /* ModifiedDefaultTheme.swift */ = {isa = PBXFileReference; lastKnownFileType = sourcecode.swift; path = ModifiedDefaultTheme.swift; sourceTree = "<group>"; };
		95D75D4128DA448E00062587 /* RunestoneEditorDelegate.swift */ = {isa = PBXFileReference; lastKnownFileType = sourcecode.swift; path = RunestoneEditorDelegate.swift; sourceTree = "<group>"; };
		95F6E18C28D4DEB300CD9FFB /* FileValidator.swift */ = {isa = PBXFileReference; lastKnownFileType = sourcecode.swift; path = FileValidator.swift; sourceTree = "<group>"; };
/* End PBXFileReference section */

/* Begin PBXFrameworksBuildPhase section */
		95315F5128D8B2830079E831 /* Frameworks */ = {
			isa = PBXFrameworksBuildPhase;
			buildActionMask = 2147483647;
			files = (
				95315F7128D8B5E90079E831 /* Runestone in Frameworks */,
				9558464528D8EB4B004EE8CD /* Introspect in Frameworks */,
				9558462D28D8E09F004EE8CD /* TreeSitterJSON in Frameworks */,
				9558463328D8E158004EE8CD /* TreeSitterLanguagesCommon in Frameworks */,
				95315F6928D8B3810079E831 /* JensonKit in Frameworks */,
				9558463128D8E0AC004EE8CD /* TreeSitterJSONRunestone in Frameworks */,
			);
			runOnlyForDeploymentPostprocessing = 0;
		};
		95B5D24728CA747B00C7C07A /* Frameworks */ = {
			isa = PBXFrameworksBuildPhase;
			buildActionMask = 2147483647;
			files = (
				95DB209B28CFB5FF0079D624 /* CodeEditorView in Frameworks */,
				95B5D26128CA757100C7C07A /* JensonKit in Frameworks */,
				9597F90A28CB76CD00A886E3 /* Introspect in Frameworks */,
			);
			runOnlyForDeploymentPostprocessing = 0;
		};
/* End PBXFrameworksBuildPhase section */

/* Begin PBXGroup section */
		950DF30D28DA077C00C4D17A /* Extensions */ = {
			isa = PBXGroup;
			children = (
				9558464028D8E368004EE8CD /* JensonDocument+Transferable.swift */,
				950DF30E28DA079200C4D17A /* TextView+Convenience.swift */,
				950DF31428DA19D100C4D17A /* UIApplication+Version.swift */,
			);
			path = Extensions;
			sourceTree = "<group>";
		};
		95315F5528D8B2830079E831 /* Gutenberg (iOS) */ = {
			isa = PBXGroup;
			children = (
				95874487290AD89F00397288 /* View Models */,
				95874481290ACA0E00397288 /* Credits.rtf */,
				950DF31628DA297400C4D17A /* Gutenberg (iOS).entitlements */,
				950DF30D28DA077C00C4D17A /* Extensions */,
				95315F7228D8B6D10079E831 /* Views */,
				95315F5628D8B2830079E831 /* Entrypoint.swift */,
				95315F5A28D8B2830079E831 /* ContentView.swift */,
				95315F5C28D8B2840079E831 /* Assets.xcassets */,
				95315F6128D8B2840079E831 /* Info.plist */,
				95315F5E28D8B2840079E831 /* Preview Content */,
				950DF31228DA12C600C4D17A /* Credits.md */,
			);
			path = "Gutenberg (iOS)";
			sourceTree = "<group>";
		};
		95315F5E28D8B2840079E831 /* Preview Content */ = {
			isa = PBXGroup;
			children = (
				95315F5F28D8B2840079E831 /* Preview Assets.xcassets */,
			);
			path = "Preview Content";
			sourceTree = "<group>";
		};
		95315F6528D8B2F30079E831 /* Shared */ = {
			isa = PBXGroup;
			children = (
				9533178028D4BA5500E6E516 /* Fonts */,
				9558463428D8E1F5004EE8CD /* Theming */,
				9558462428D8BE16004EE8CD /* Views */,
				9597F91B28CB906400A886E3 /* Enums */,
				95315F6A28D8B39B0079E831 /* Extensions */,
				95B5D24F28CA747B00C7C07A /* JensonDocument.swift */,
			);
			path = Shared;
			sourceTree = "<group>";
		};
		95315F6728D8B3810079E831 /* Frameworks */ = {
			isa = PBXGroup;
			children = (
			);
			name = Frameworks;
			sourceTree = "<group>";
		};
		95315F6A28D8B39B0079E831 /* Extensions */ = {
			isa = PBXGroup;
			children = (
				957B97C828D656B40050B41A /* JensonFile+Dummy.swift */,
				9533177C28D4B53F00E6E516 /* String+AttributedString.swift */,
			);
			path = Extensions;
			sourceTree = "<group>";
		};
		95315F7228D8B6D10079E831 /* Views */ = {
			isa = PBXGroup;
			children = (
				95874488290AD8AA00397288 /* Menus */,
				95D75D3E28DA444800062587 /* Bridging */,
				95D75D3C28DA416000062587 /* GutenbergDocumentContainer.swift */,
				9558463E28D8E274004EE8CD /* GutenbergSourceView.swift */,
				9558464B28D8F63E004EE8CD /* GutenbergPreview.swift */,
				950DF31028DA0D5400C4D17A /* GutenbergAboutView.swift */,
			);
			path = Views;
			sourceTree = "<group>";
		};
		9533177928D4B09E00E6E516 /* Assets */ = {
			isa = PBXGroup;
			children = (
				95B5D25328CA747D00C7C07A /* Assets.xcassets */,
			);
			path = Assets;
			sourceTree = "<group>";
		};
		9533178028D4BA5500E6E516 /* Fonts */ = {
			isa = PBXGroup;
			children = (
				9533178328D4BBB300E6E516 /* CrimsonText-Italic.ttf */,
				9533178128D4BAA200E6E516 /* CrimsonText-Bold.ttf */,
				9533177E28D4B7ED00E6E516 /* CrimsonText-Regular.ttf */,
				9533177A28D4B1C400E6E516 /* iAWriterMonoV.ttf */,
			);
			path = Fonts;
			sourceTree = "<group>";
		};
		9558462428D8BE16004EE8CD /* Views */ = {
			isa = PBXGroup;
			children = (
				95AD1ED928D8AB1B00EF8827 /* Cells */,
				95AD1ED528D8AA2D00EF8827 /* PaddedHStack.swift */,
				95AD1ED128D8A25B00EF8827 /* ListTableRow.swift */,
				9597F90628CB744100A886E3 /* JensonDocumentPropertiesView.swift */,
			);
			path = Views;
			sourceTree = "<group>";
		};
		9558463428D8E1F5004EE8CD /* Theming */ = {
			isa = PBXGroup;
			children = (
				95AD1ED328D8A8ED00EF8827 /* JensonThemePicker.swift */,
				9597F92928CBB4FA00A886E3 /* PreviewThemeSelection.swift */,
				9597F92728CBB0ED00A886E3 /* PreviewTheme.swift */,
			);
			path = Theming;
			sourceTree = "<group>";
		};
		957B97CC28D661910050B41A /* Commands */ = {
			isa = PBXGroup;
			children = (
				957B97CD28D661A40050B41A /* PreviewPreferenceCommands.swift */,
				957B97CF28D662690050B41A /* DebuggingCommands.swift */,
			);
			path = Commands;
			sourceTree = "<group>";
		};
		957B97D328D66EF40050B41A /* Documents */ = {
			isa = PBXGroup;
			children = (
				95F6E18C28D4DEB300CD9FFB /* FileValidator.swift */,
				957B97D128D66B2C0050B41A /* JensonFileValidator.swift */,
			);
			path = Documents;
			sourceTree = "<group>";
		};
		95874487290AD89F00397288 /* View Models */ = {
			isa = PBXGroup;
			children = (
				95874483290ACD0700397288 /* GutenbergSourceEditorViewModel.swift */,
			);
			path = "View Models";
			sourceTree = "<group>";
		};
		95874488290AD8AA00397288 /* Menus */ = {
			isa = PBXGroup;
			children = (
				9587447F290AC64B00397288 /* GutenbergSettingsMenu.swift */,
				95874485290ACD9900397288 /* GutenbergSourceEditorMenu.swift */,
			);
			path = Menus;
			sourceTree = "<group>";
		};
		9597F90228CB718C00A886E3 /* Extensions */ = {
			isa = PBXGroup;
			children = (
				957B97C628D6530C0050B41A /* NSSavePanel+StringWriteable.swift */,
				957B97CA28D660180050B41A /* FocusedValues+Document.swift */,
				95315F6D28D8B3E20079E831 /* JensonDocument+AppKit.swift */,
			);
			path = Extensions;
			sourceTree = "<group>";
		};
		9597F90528CB742F00A886E3 /* Views */ = {
			isa = PBXGroup;
			children = (
				9597F90D28CB7DEE00A886E3 /* JensonSettingsView.swift */,
				9597F91528CB898E00A886E3 /* JensonSourceView.swift */,
				9597F91E28CB940F00A886E3 /* JensonFilePreview.swift */,
			);
			path = Views;
			sourceTree = "<group>";
		};
		9597F91B28CB906400A886E3 /* Enums */ = {
			isa = PBXGroup;
			children = (
				9597F91C28CB907D00A886E3 /* JensonViewerPane.swift */,
			);
			path = Enums;
			sourceTree = "<group>";
		};
		95AD1ED928D8AB1B00EF8827 /* Cells */ = {
			isa = PBXGroup;
			children = (
				95B5D26228CA7D9900C7C07A /* JensonCellView.swift */,
				95AD1ED728D8AB0300EF8827 /* JensonChoiceGroup.swift */,
				95AD1EDA28D8AB2F00EF8827 /* JensonRefreshEventCell.swift */,
				95AD1EDC28D8AC7500EF8827 /* JensonCommentCell.swift */,
				95AD1EDE28D8ACE100EF8827 /* JensonDialogueCell.swift */,
				95AD1EE028D8AD4000EF8827 /* JensonQuestionCell.swift */,
			);
			path = Cells;
			sourceTree = "<group>";
		};
		95B5D24128CA747B00C7C07A = {
			isa = PBXGroup;
			children = (
				953CC65F28DB5A790038853A /* CHANGELOG.md */,
				9569158C28DB460A000D3D8F /* README.md */,
				9569158D28DB47DF000D3D8F /* LICENSE.md */,
				95315F6528D8B2F30079E831 /* Shared */,
				95B5D24C28CA747B00C7C07A /* Gutenberg */,
				95315F5528D8B2830079E831 /* Gutenberg (iOS) */,
				95B5D24B28CA747B00C7C07A /* Products */,
				95315F6728D8B3810079E831 /* Frameworks */,
			);
			sourceTree = "<group>";
		};
		95B5D24B28CA747B00C7C07A /* Products */ = {
			isa = PBXGroup;
			children = (
				95B5D24A28CA747B00C7C07A /* Gutenberg Mac.app */,
				95315F5428D8B2830079E831 /* Gutenberg.app */,
			);
			name = Products;
			sourceTree = "<group>";
		};
		95B5D24C28CA747B00C7C07A /* Gutenberg */ = {
			isa = PBXGroup;
			children = (
				9533177928D4B09E00E6E516 /* Assets */,
				957B97CC28D661910050B41A /* Commands */,
				957B97D328D66EF40050B41A /* Documents */,
				9597F90228CB718C00A886E3 /* Extensions */,
				95B5D25528CA747D00C7C07A /* Preview Content */,
				9597F90528CB742F00A886E3 /* Views */,
				95B5D25128CA747B00C7C07A /* ContentView.swift */,
				95B5D24D28CA747B00C7C07A /* Entrypoint.swift */,
				9597F92528CBAAD700A886E3 /* Credits.rtf */,
				95B5D25828CA747D00C7C07A /* Info.plist */,
				95B5D25928CA747D00C7C07A /* Gutenberg.entitlements */,
			);
			path = Gutenberg;
			sourceTree = "<group>";
		};
		95B5D25528CA747D00C7C07A /* Preview Content */ = {
			isa = PBXGroup;
			children = (
				95B5D25628CA747D00C7C07A /* Preview Assets.xcassets */,
			);
			path = "Preview Content";
			sourceTree = "<group>";
		};
		95D75D3E28DA444800062587 /* Bridging */ = {
			isa = PBXGroup;
			children = (
				95315F7328D8B6E60079E831 /* RunestoneEditor.swift */,
				95D75D3F28DA446000062587 /* ModifiedDefaultTheme.swift */,
				95D75D4128DA448E00062587 /* RunestoneEditorDelegate.swift */,
			);
			path = Bridging;
			sourceTree = "<group>";
		};
/* End PBXGroup section */

/* Begin PBXNativeTarget section */
		95315F5328D8B2830079E831 /* Gutenberg */ = {
			isa = PBXNativeTarget;
			buildConfigurationList = 95315F6428D8B2840079E831 /* Build configuration list for PBXNativeTarget "Gutenberg" */;
			buildPhases = (
				9569158E28DB4B25000D3D8F /* Run SwiftLint */,
				95315F5028D8B2830079E831 /* Sources */,
				95315F5128D8B2830079E831 /* Frameworks */,
				95315F5228D8B2830079E831 /* Resources */,
			);
			buildRules = (
			);
			dependencies = (
			);
			name = Gutenberg;
			packageProductDependencies = (
				95315F6828D8B3810079E831 /* JensonKit */,
				95315F7028D8B5E90079E831 /* Runestone */,
				9558462C28D8E09F004EE8CD /* TreeSitterJSON */,
				9558463028D8E0AC004EE8CD /* TreeSitterJSONRunestone */,
				9558463228D8E158004EE8CD /* TreeSitterLanguagesCommon */,
				9558464428D8EB4B004EE8CD /* Introspect */,
			);
			productName = "Gutenberg (iOS)";
			productReference = 95315F5428D8B2830079E831 /* Gutenberg.app */;
			productType = "com.apple.product-type.application";
		};
		95B5D24928CA747B00C7C07A /* Gutenberg Mac */ = {
			isa = PBXNativeTarget;
			buildConfigurationList = 95B5D25C28CA747D00C7C07A /* Build configuration list for PBXNativeTarget "Gutenberg Mac" */;
			buildPhases = (
				9569158F28DB4B59000D3D8F /* Run SwiftLint */,
				95B5D24628CA747B00C7C07A /* Sources */,
				95B5D24728CA747B00C7C07A /* Frameworks */,
				95B5D24828CA747B00C7C07A /* Resources */,
			);
			buildRules = (
			);
			dependencies = (
			);
			name = "Gutenberg Mac";
			packageProductDependencies = (
				95B5D26028CA757100C7C07A /* JensonKit */,
				9597F90928CB76CD00A886E3 /* Introspect */,
				95DB209A28CFB5FF0079D624 /* CodeEditorView */,
			);
			productName = "Jenson Visualizer";
			productReference = 95B5D24A28CA747B00C7C07A /* Gutenberg Mac.app */;
			productType = "com.apple.product-type.application";
		};
/* End PBXNativeTarget section */

/* Begin PBXProject section */
		95B5D24228CA747B00C7C07A /* Project object */ = {
			isa = PBXProject;
			attributes = {
				BuildIndependentTargetsInParallel = 1;
				LastSwiftUpdateCheck = 1400;
				LastUpgradeCheck = 1410;
				TargetAttributes = {
					95315F5328D8B2830079E831 = {
						CreatedOnToolsVersion = 14.0.1;
					};
					95B5D24928CA747B00C7C07A = {
						CreatedOnToolsVersion = 14.0;
					};
				};
			};
			buildConfigurationList = 95B5D24528CA747B00C7C07A /* Build configuration list for PBXProject "Gutenberg" */;
			compatibilityVersion = "Xcode 14.0";
			developmentRegion = en;
			hasScannedForEncodings = 0;
			knownRegions = (
				en,
				Base,
			);
			mainGroup = 95B5D24128CA747B00C7C07A;
			packageReferences = (
				95B5D25F28CA757100C7C07A /* XCRemoteSwiftPackageReference "JensonKit" */,
				9597F90828CB76CD00A886E3 /* XCRemoteSwiftPackageReference "SwiftUI-Introspect" */,
				95DB209928CFB5FF0079D624 /* XCRemoteSwiftPackageReference "CodeEditorView" */,
				95315F6F28D8B5E90079E831 /* XCRemoteSwiftPackageReference "Runestone" */,
				9558462728D8E067004EE8CD /* XCRemoteSwiftPackageReference "treesitterlanguages" */,
			);
			productRefGroup = 95B5D24B28CA747B00C7C07A /* Products */;
			projectDirPath = "";
			projectRoot = "";
			targets = (
				95B5D24928CA747B00C7C07A /* Gutenberg Mac */,
				95315F5328D8B2830079E831 /* Gutenberg */,
			);
		};
/* End PBXProject section */

/* Begin PBXResourcesBuildPhase section */
		95315F5228D8B2830079E831 /* Resources */ = {
			isa = PBXResourcesBuildPhase;
			buildActionMask = 2147483647;
			files = (
				950DF31328DA12C600C4D17A /* Credits.md in Resources */,
				9558464A28D8F496004EE8CD /* CrimsonText-Bold.ttf in Resources */,
				9558464728D8F496004EE8CD /* CrimsonText-Regular.ttf in Resources */,
				95874482290ACA0E00397288 /* Credits.rtf in Resources */,
				95315F6028D8B2840079E831 /* Preview Assets.xcassets in Resources */,
				95315F5D28D8B2840079E831 /* Assets.xcassets in Resources */,
				9558464928D8F496004EE8CD /* CrimsonText-Italic.ttf in Resources */,
				9558464828D8F496004EE8CD /* iAWriterMonoV.ttf in Resources */,
			);
			runOnlyForDeploymentPostprocessing = 0;
		};
		95B5D24828CA747B00C7C07A /* Resources */ = {
			isa = PBXResourcesBuildPhase;
			buildActionMask = 2147483647;
			files = (
				9533178228D4BAC300E6E516 /* CrimsonText-Bold.ttf in Resources */,
				9533178428D4BBB300E6E516 /* CrimsonText-Italic.ttf in Resources */,
				95B5D25728CA747D00C7C07A /* Preview Assets.xcassets in Resources */,
				95B5D25428CA747D00C7C07A /* Assets.xcassets in Resources */,
				9597F92628CBAAD700A886E3 /* Credits.rtf in Resources */,
				9533177B28D4B1C400E6E516 /* iAWriterMonoV.ttf in Resources */,
				9533177F28D4B7ED00E6E516 /* CrimsonText-Regular.ttf in Resources */,
			);
			runOnlyForDeploymentPostprocessing = 0;
		};
/* End PBXResourcesBuildPhase section */

/* Begin PBXShellScriptBuildPhase section */
		9569158E28DB4B25000D3D8F /* Run SwiftLint */ = {
			isa = PBXShellScriptBuildPhase;
			alwaysOutOfDate = 1;
			buildActionMask = 2147483647;
			files = (
			);
			inputFileListPaths = (
			);
			inputPaths = (
			);
			name = "Run SwiftLint";
			outputFileListPaths = (
			);
			outputPaths = (
			);
			runOnlyForDeploymentPostprocessing = 0;
			shellPath = /bin/sh;
			shellScript = "# Type a script or drag a script file from your workspace to insert its path.\nexport PATH=\"$PATH:/opt/homebrew/bin\"\nif which swiftlint >/dev/null; then\n  swiftlint\nelse\n  echo \"warning: SwiftLint not installed, download from https://github.com/realm/SwiftLint\"\nfi\n";
		};
		9569158F28DB4B59000D3D8F /* Run SwiftLint */ = {
			isa = PBXShellScriptBuildPhase;
			alwaysOutOfDate = 1;
			buildActionMask = 2147483647;
			files = (
			);
			inputFileListPaths = (
			);
			inputPaths = (
			);
			name = "Run SwiftLint";
			outputFileListPaths = (
			);
			outputPaths = (
			);
			runOnlyForDeploymentPostprocessing = 0;
			shellPath = /bin/sh;
			shellScript = "# Type a script or drag a script file from your workspace to insert its path.\nexport PATH=\"$PATH:/opt/homebrew/bin\"\nif which swiftlint >/dev/null; then\n  swiftlint\nelse\n  echo \"warning: SwiftLint not installed, download from https://github.com/realm/SwiftLint\"\nfi\n";
		};
/* End PBXShellScriptBuildPhase section */

/* Begin PBXSourcesBuildPhase section */
		95315F5028D8B2830079E831 /* Sources */ = {
			isa = PBXSourcesBuildPhase;
			buildActionMask = 2147483647;
			files = (
				9558463A28D8E252004EE8CD /* JensonDialogueCell.swift in Sources */,
				9558463628D8E206004EE8CD /* PreviewTheme.swift in Sources */,
				950DF30F28DA079200C4D17A /* TextView+Convenience.swift in Sources */,
				9558463C28D8E252004EE8CD /* JensonCommentCell.swift in Sources */,
				950DF31128DA0D5400C4D17A /* GutenbergAboutView.swift in Sources */,
				95315F7428D8B6E60079E831 /* RunestoneEditor.swift in Sources */,
				95874480290AC64B00397288 /* GutenbergSettingsMenu.swift in Sources */,
				9558462628D8BE74004EE8CD /* ListTableRow.swift in Sources */,
				9558463928D8E252004EE8CD /* JensonRefreshEventCell.swift in Sources */,
				9558464C28D8F63E004EE8CD /* GutenbergPreview.swift in Sources */,
				95D75D4028DA446000062587 /* ModifiedDefaultTheme.swift in Sources */,
				9558463828D8E252004EE8CD /* JensonChoiceGroup.swift in Sources */,
				9558463528D8E203004EE8CD /* PreviewThemeSelection.swift in Sources */,
				9558464628D8F1D9004EE8CD /* JensonViewerPane.swift in Sources */,
				95D75D3D28DA416000062587 /* GutenbergDocumentContainer.swift in Sources */,
				9558464D28D8F744004EE8CD /* JensonThemePicker.swift in Sources */,
				95315F5728D8B2830079E831 /* Entrypoint.swift in Sources */,
				9558463D28D8E252004EE8CD /* JensonCellView.swift in Sources */,
				95315F6B28D8B3AC0079E831 /* String+AttributedString.swift in Sources */,
				9558463728D8E239004EE8CD /* PaddedHStack.swift in Sources */,
				95874486290ACD9900397288 /* GutenbergSourceEditorMenu.swift in Sources */,
				95874484290ACD0700397288 /* GutenbergSourceEditorViewModel.swift in Sources */,
				9558462528D8BE21004EE8CD /* JensonDocumentPropertiesView.swift in Sources */,
				9558464128D8E368004EE8CD /* JensonDocument+Transferable.swift in Sources */,
				9558463F28D8E274004EE8CD /* GutenbergSourceView.swift in Sources */,
				95315F6628D8B33E0079E831 /* JensonDocument.swift in Sources */,
				95315F6C28D8B3AC0079E831 /* JensonFile+Dummy.swift in Sources */,
				950DF31528DA19D100C4D17A /* UIApplication+Version.swift in Sources */,
				95315F5B28D8B2830079E831 /* ContentView.swift in Sources */,
				9558463B28D8E252004EE8CD /* JensonQuestionCell.swift in Sources */,
				95D75D4228DA448E00062587 /* RunestoneEditorDelegate.swift in Sources */,
			);
			runOnlyForDeploymentPostprocessing = 0;
		};
		95B5D24628CA747B00C7C07A /* Sources */ = {
			isa = PBXSourcesBuildPhase;
			buildActionMask = 2147483647;
			files = (
				957B97CB28D660180050B41A /* FocusedValues+Document.swift in Sources */,
				9597F92A28CBB4FA00A886E3 /* PreviewThemeSelection.swift in Sources */,
				95315F6E28D8B3E20079E831 /* JensonDocument+AppKit.swift in Sources */,
				9533177D28D4B53F00E6E516 /* String+AttributedString.swift in Sources */,
				957B97CE28D661A40050B41A /* PreviewPreferenceCommands.swift in Sources */,
				95F6E18D28D4DEB300CD9FFB /* FileValidator.swift in Sources */,
				95AD1EDD28D8AC7500EF8827 /* JensonCommentCell.swift in Sources */,
				9597F91628CB898E00A886E3 /* JensonSourceView.swift in Sources */,
				957B97C728D6530C0050B41A /* NSSavePanel+StringWriteable.swift in Sources */,
				95AD1EDF28D8ACE100EF8827 /* JensonDialogueCell.swift in Sources */,
				95AD1ED828D8AB0300EF8827 /* JensonChoiceGroup.swift in Sources */,
				957B97C928D656B40050B41A /* JensonFile+Dummy.swift in Sources */,
				957B97D028D662690050B41A /* DebuggingCommands.swift in Sources */,
				9597F90728CB744100A886E3 /* JensonDocumentPropertiesView.swift in Sources */,
				9597F92828CBB0ED00A886E3 /* PreviewTheme.swift in Sources */,
				95AD1EE128D8AD4000EF8827 /* JensonQuestionCell.swift in Sources */,
				95B5D24E28CA747B00C7C07A /* Entrypoint.swift in Sources */,
				9597F91D28CB907D00A886E3 /* JensonViewerPane.swift in Sources */,
				95AD1ED428D8A8ED00EF8827 /* JensonThemePicker.swift in Sources */,
				95AD1ED228D8A25B00EF8827 /* ListTableRow.swift in Sources */,
				95B5D25028CA747B00C7C07A /* JensonDocument.swift in Sources */,
				9597F90E28CB7DEE00A886E3 /* JensonSettingsView.swift in Sources */,
				95AD1ED628D8AA2D00EF8827 /* PaddedHStack.swift in Sources */,
				95B5D25228CA747B00C7C07A /* ContentView.swift in Sources */,
				9597F91F28CB940F00A886E3 /* JensonFilePreview.swift in Sources */,
				95AD1EDB28D8AB2F00EF8827 /* JensonRefreshEventCell.swift in Sources */,
				95B5D26328CA7D9900C7C07A /* JensonCellView.swift in Sources */,
				957B97D228D66B2C0050B41A /* JensonFileValidator.swift in Sources */,
			);
			runOnlyForDeploymentPostprocessing = 0;
		};
/* End PBXSourcesBuildPhase section */

/* Begin XCBuildConfiguration section */
		95315F6228D8B2840079E831 /* Debug */ = {
			isa = XCBuildConfiguration;
			buildSettings = {
				ASSETCATALOG_COMPILER_APPICON_NAME = AppIcon;
				ASSETCATALOG_COMPILER_GLOBAL_ACCENT_COLOR_NAME = AccentColor;
				CODE_SIGN_ENTITLEMENTS = "Gutenberg (iOS)/Gutenberg (iOS).entitlements";
				CODE_SIGN_IDENTITY = "Apple Development";
				CODE_SIGN_STYLE = Automatic;
				CURRENT_PROJECT_VERSION = 7;
				DEVELOPMENT_ASSET_PATHS = "\"Gutenberg (iOS)/Preview Content\"";
				DEVELOPMENT_TEAM = FQQXSP79X3;
				ENABLE_PREVIEWS = YES;
				GENERATE_INFOPLIST_FILE = YES;
				INFOPLIST_FILE = "Gutenberg (iOS)/Info.plist";
				INFOPLIST_KEY_CFBundleDisplayName = Gutenberg;
				INFOPLIST_KEY_LSApplicationCategoryType = "public.app-category.developer-tools";
				INFOPLIST_KEY_LSSupportsOpeningDocumentsInPlace = YES;
				INFOPLIST_KEY_NSHumanReadableCopyright = "(C) 2022 Marquis Kurt.";
				INFOPLIST_KEY_UIApplicationSceneManifest_Generation = YES;
				INFOPLIST_KEY_UIApplicationSupportsIndirectInputEvents = YES;
				INFOPLIST_KEY_UILaunchScreen_Generation = YES;
				INFOPLIST_KEY_UISupportedInterfaceOrientations_iPad = "UIInterfaceOrientationPortrait UIInterfaceOrientationPortraitUpsideDown UIInterfaceOrientationLandscapeLeft UIInterfaceOrientationLandscapeRight";
				INFOPLIST_KEY_UISupportedInterfaceOrientations_iPhone = "UIInterfaceOrientationPortrait UIInterfaceOrientationLandscapeLeft UIInterfaceOrientationLandscapeRight";
				INFOPLIST_KEY_UISupportsDocumentBrowser = YES;
				IPHONEOS_DEPLOYMENT_TARGET = 16.0;
				LD_RUNPATH_SEARCH_PATHS = (
					"$(inherited)",
					"@executable_path/Frameworks",
				);
				MARKETING_VERSION = 1.0;
				PRODUCT_BUNDLE_IDENTIFIER = art.indexingyourhe.gutenberg;
				PRODUCT_NAME = "$(TARGET_NAME)";
				PROVISIONING_PROFILE_SPECIFIER = "";
				SDKROOT = iphoneos;
				SUPPORTED_PLATFORMS = "iphoneos iphonesimulator";
				SUPPORTS_MACCATALYST = YES;
				SUPPORTS_MAC_DESIGNED_FOR_IPHONE_IPAD = NO;
				SWIFT_EMIT_LOC_STRINGS = YES;
				SWIFT_VERSION = 5.0;
				TARGETED_DEVICE_FAMILY = "1,2,6";
			};
			name = Debug;
		};
		95315F6328D8B2840079E831 /* Release */ = {
			isa = XCBuildConfiguration;
			buildSettings = {
				ASSETCATALOG_COMPILER_APPICON_NAME = AppIcon;
				ASSETCATALOG_COMPILER_GLOBAL_ACCENT_COLOR_NAME = AccentColor;
				CODE_SIGN_ENTITLEMENTS = "Gutenberg (iOS)/Gutenberg (iOS).entitlements";
				CODE_SIGN_IDENTITY = "Apple Development";
				CODE_SIGN_STYLE = Automatic;
				CURRENT_PROJECT_VERSION = 7;
				DEVELOPMENT_ASSET_PATHS = "\"Gutenberg (iOS)/Preview Content\"";
				DEVELOPMENT_TEAM = FQQXSP79X3;
				ENABLE_PREVIEWS = YES;
				GENERATE_INFOPLIST_FILE = YES;
				INFOPLIST_FILE = "Gutenberg (iOS)/Info.plist";
				INFOPLIST_KEY_CFBundleDisplayName = Gutenberg;
				INFOPLIST_KEY_LSApplicationCategoryType = "public.app-category.developer-tools";
				INFOPLIST_KEY_LSSupportsOpeningDocumentsInPlace = YES;
				INFOPLIST_KEY_NSHumanReadableCopyright = "(C) 2022 Marquis Kurt.";
				INFOPLIST_KEY_UIApplicationSceneManifest_Generation = YES;
				INFOPLIST_KEY_UIApplicationSupportsIndirectInputEvents = YES;
				INFOPLIST_KEY_UILaunchScreen_Generation = YES;
				INFOPLIST_KEY_UISupportedInterfaceOrientations_iPad = "UIInterfaceOrientationPortrait UIInterfaceOrientationPortraitUpsideDown UIInterfaceOrientationLandscapeLeft UIInterfaceOrientationLandscapeRight";
				INFOPLIST_KEY_UISupportedInterfaceOrientations_iPhone = "UIInterfaceOrientationPortrait UIInterfaceOrientationLandscapeLeft UIInterfaceOrientationLandscapeRight";
				INFOPLIST_KEY_UISupportsDocumentBrowser = YES;
				IPHONEOS_DEPLOYMENT_TARGET = 16.0;
				LD_RUNPATH_SEARCH_PATHS = (
					"$(inherited)",
					"@executable_path/Frameworks",
				);
				MARKETING_VERSION = 1.0;
				PRODUCT_BUNDLE_IDENTIFIER = art.indexingyourhe.gutenberg;
				PRODUCT_NAME = "$(TARGET_NAME)";
				PROVISIONING_PROFILE_SPECIFIER = "";
				SDKROOT = iphoneos;
				SUPPORTED_PLATFORMS = "iphoneos iphonesimulator";
				SUPPORTS_MACCATALYST = YES;
				SUPPORTS_MAC_DESIGNED_FOR_IPHONE_IPAD = NO;
				SWIFT_EMIT_LOC_STRINGS = YES;
				SWIFT_VERSION = 5.0;
				TARGETED_DEVICE_FAMILY = "1,2,6";
				VALIDATE_PRODUCT = YES;
			};
			name = Release;
		};
		95B5D25A28CA747D00C7C07A /* Debug */ = {
			isa = XCBuildConfiguration;
			buildSettings = {
				ALWAYS_SEARCH_USER_PATHS = NO;
				CLANG_ANALYZER_NONNULL = YES;
				CLANG_ANALYZER_NUMBER_OBJECT_CONVERSION = YES_AGGRESSIVE;
				CLANG_CXX_LANGUAGE_STANDARD = "gnu++20";
				CLANG_ENABLE_MODULES = YES;
				CLANG_ENABLE_OBJC_ARC = YES;
				CLANG_ENABLE_OBJC_WEAK = YES;
				CLANG_WARN_BLOCK_CAPTURE_AUTORELEASING = YES;
				CLANG_WARN_BOOL_CONVERSION = YES;
				CLANG_WARN_COMMA = YES;
				CLANG_WARN_CONSTANT_CONVERSION = YES;
				CLANG_WARN_DEPRECATED_OBJC_IMPLEMENTATIONS = YES;
				CLANG_WARN_DIRECT_OBJC_ISA_USAGE = YES_ERROR;
				CLANG_WARN_DOCUMENTATION_COMMENTS = YES;
				CLANG_WARN_EMPTY_BODY = YES;
				CLANG_WARN_ENUM_CONVERSION = YES;
				CLANG_WARN_INFINITE_RECURSION = YES;
				CLANG_WARN_INT_CONVERSION = YES;
				CLANG_WARN_NON_LITERAL_NULL_CONVERSION = YES;
				CLANG_WARN_OBJC_IMPLICIT_RETAIN_SELF = YES;
				CLANG_WARN_OBJC_LITERAL_CONVERSION = YES;
				CLANG_WARN_OBJC_ROOT_CLASS = YES_ERROR;
				CLANG_WARN_QUOTED_INCLUDE_IN_FRAMEWORK_HEADER = YES;
				CLANG_WARN_RANGE_LOOP_ANALYSIS = YES;
				CLANG_WARN_STRICT_PROTOTYPES = YES;
				CLANG_WARN_SUSPICIOUS_MOVE = YES;
				CLANG_WARN_UNGUARDED_AVAILABILITY = YES_AGGRESSIVE;
				CLANG_WARN_UNREACHABLE_CODE = YES;
				CLANG_WARN__DUPLICATE_METHOD_MATCH = YES;
				COPY_PHASE_STRIP = NO;
				DEAD_CODE_STRIPPING = YES;
				DEBUG_INFORMATION_FORMAT = dwarf;
				ENABLE_STRICT_OBJC_MSGSEND = YES;
				ENABLE_TESTABILITY = YES;
				GCC_C_LANGUAGE_STANDARD = gnu11;
				GCC_DYNAMIC_NO_PIC = NO;
				GCC_NO_COMMON_BLOCKS = YES;
				GCC_OPTIMIZATION_LEVEL = 0;
				GCC_PREPROCESSOR_DEFINITIONS = (
					"DEBUG=1",
					"$(inherited)",
				);
				GCC_WARN_64_TO_32_BIT_CONVERSION = YES;
				GCC_WARN_ABOUT_RETURN_TYPE = YES_ERROR;
				GCC_WARN_UNDECLARED_SELECTOR = YES;
				GCC_WARN_UNINITIALIZED_AUTOS = YES_AGGRESSIVE;
				GCC_WARN_UNUSED_FUNCTION = YES;
				GCC_WARN_UNUSED_VARIABLE = YES;
				MACOSX_DEPLOYMENT_TARGET = 12.3;
				MTL_ENABLE_DEBUG_INFO = INCLUDE_SOURCE;
				MTL_FAST_MATH = YES;
				ONLY_ACTIVE_ARCH = YES;
				SDKROOT = macosx;
				SWIFT_ACTIVE_COMPILATION_CONDITIONS = DEBUG;
				SWIFT_OPTIMIZATION_LEVEL = "-Onone";
			};
			name = Debug;
		};
		95B5D25B28CA747D00C7C07A /* Release */ = {
			isa = XCBuildConfiguration;
			buildSettings = {
				ALWAYS_SEARCH_USER_PATHS = NO;
				CLANG_ANALYZER_NONNULL = YES;
				CLANG_ANALYZER_NUMBER_OBJECT_CONVERSION = YES_AGGRESSIVE;
				CLANG_CXX_LANGUAGE_STANDARD = "gnu++20";
				CLANG_ENABLE_MODULES = YES;
				CLANG_ENABLE_OBJC_ARC = YES;
				CLANG_ENABLE_OBJC_WEAK = YES;
				CLANG_WARN_BLOCK_CAPTURE_AUTORELEASING = YES;
				CLANG_WARN_BOOL_CONVERSION = YES;
				CLANG_WARN_COMMA = YES;
				CLANG_WARN_CONSTANT_CONVERSION = YES;
				CLANG_WARN_DEPRECATED_OBJC_IMPLEMENTATIONS = YES;
				CLANG_WARN_DIRECT_OBJC_ISA_USAGE = YES_ERROR;
				CLANG_WARN_DOCUMENTATION_COMMENTS = YES;
				CLANG_WARN_EMPTY_BODY = YES;
				CLANG_WARN_ENUM_CONVERSION = YES;
				CLANG_WARN_INFINITE_RECURSION = YES;
				CLANG_WARN_INT_CONVERSION = YES;
				CLANG_WARN_NON_LITERAL_NULL_CONVERSION = YES;
				CLANG_WARN_OBJC_IMPLICIT_RETAIN_SELF = YES;
				CLANG_WARN_OBJC_LITERAL_CONVERSION = YES;
				CLANG_WARN_OBJC_ROOT_CLASS = YES_ERROR;
				CLANG_WARN_QUOTED_INCLUDE_IN_FRAMEWORK_HEADER = YES;
				CLANG_WARN_RANGE_LOOP_ANALYSIS = YES;
				CLANG_WARN_STRICT_PROTOTYPES = YES;
				CLANG_WARN_SUSPICIOUS_MOVE = YES;
				CLANG_WARN_UNGUARDED_AVAILABILITY = YES_AGGRESSIVE;
				CLANG_WARN_UNREACHABLE_CODE = YES;
				CLANG_WARN__DUPLICATE_METHOD_MATCH = YES;
				COPY_PHASE_STRIP = NO;
				DEAD_CODE_STRIPPING = YES;
				DEBUG_INFORMATION_FORMAT = "dwarf-with-dsym";
				ENABLE_NS_ASSERTIONS = NO;
				ENABLE_STRICT_OBJC_MSGSEND = YES;
				GCC_C_LANGUAGE_STANDARD = gnu11;
				GCC_NO_COMMON_BLOCKS = YES;
				GCC_WARN_64_TO_32_BIT_CONVERSION = YES;
				GCC_WARN_ABOUT_RETURN_TYPE = YES_ERROR;
				GCC_WARN_UNDECLARED_SELECTOR = YES;
				GCC_WARN_UNINITIALIZED_AUTOS = YES_AGGRESSIVE;
				GCC_WARN_UNUSED_FUNCTION = YES;
				GCC_WARN_UNUSED_VARIABLE = YES;
				MACOSX_DEPLOYMENT_TARGET = 12.3;
				MTL_ENABLE_DEBUG_INFO = NO;
				MTL_FAST_MATH = YES;
				SDKROOT = macosx;
				SWIFT_COMPILATION_MODE = wholemodule;
				SWIFT_OPTIMIZATION_LEVEL = "-O";
			};
			name = Release;
		};
		95B5D25D28CA747D00C7C07A /* Debug */ = {
			isa = XCBuildConfiguration;
			buildSettings = {
				ASSETCATALOG_COMPILER_APPICON_NAME = AppIcon;
				ASSETCATALOG_COMPILER_GLOBAL_ACCENT_COLOR_NAME = AccentColor;
				CODE_SIGN_ENTITLEMENTS = Gutenberg/Gutenberg.entitlements;
				CODE_SIGN_IDENTITY = "-";
				CODE_SIGN_STYLE = Automatic;
				COMBINE_HIDPI_IMAGES = YES;
				CURRENT_PROJECT_VERSION = 5;
				DEAD_CODE_STRIPPING = YES;
				DEVELOPMENT_ASSET_PATHS = "\"Gutenberg/Preview Content\"";
				DEVELOPMENT_TEAM = FQQXSP79X3;
				ENABLE_HARDENED_RUNTIME = YES;
				ENABLE_PREVIEWS = YES;
				GENERATE_INFOPLIST_FILE = YES;
				INFOPLIST_FILE = Gutenberg/Info.plist;
				INFOPLIST_KEY_CFBundleDisplayName = Gutenberg;
				INFOPLIST_KEY_LSApplicationCategoryType = "public.app-category.developer-tools";
				INFOPLIST_KEY_NSHumanReadableCopyright = "(C) 2022 Marquis Kurt.";
				LD_RUNPATH_SEARCH_PATHS = (
					"$(inherited)",
					"@executable_path/../Frameworks",
				);
				MARKETING_VERSION = 1.0;
				PRODUCT_BUNDLE_IDENTIFIER = art.indexingyourhe.gutenberg;
				PRODUCT_NAME = "$(TARGET_NAME)";
				SWIFT_EMIT_LOC_STRINGS = YES;
				SWIFT_VERSION = 5.0;
			};
			name = Debug;
		};
		95B5D25E28CA747D00C7C07A /* Release */ = {
			isa = XCBuildConfiguration;
			buildSettings = {
				ASSETCATALOG_COMPILER_APPICON_NAME = AppIcon;
				ASSETCATALOG_COMPILER_GLOBAL_ACCENT_COLOR_NAME = AccentColor;
				CODE_SIGN_ENTITLEMENTS = Gutenberg/Gutenberg.entitlements;
				CODE_SIGN_IDENTITY = "-";
				CODE_SIGN_STYLE = Automatic;
				COMBINE_HIDPI_IMAGES = YES;
				CURRENT_PROJECT_VERSION = 5;
				DEAD_CODE_STRIPPING = YES;
				DEVELOPMENT_ASSET_PATHS = "\"Gutenberg/Preview Content\"";
				DEVELOPMENT_TEAM = FQQXSP79X3;
				ENABLE_HARDENED_RUNTIME = YES;
				ENABLE_PREVIEWS = YES;
				GENERATE_INFOPLIST_FILE = YES;
				INFOPLIST_FILE = Gutenberg/Info.plist;
				INFOPLIST_KEY_CFBundleDisplayName = Gutenberg;
				INFOPLIST_KEY_LSApplicationCategoryType = "public.app-category.developer-tools";
				INFOPLIST_KEY_NSHumanReadableCopyright = "(C) 2022 Marquis Kurt.";
				LD_RUNPATH_SEARCH_PATHS = (
					"$(inherited)",
					"@executable_path/../Frameworks",
				);
				MARKETING_VERSION = 1.0;
				PRODUCT_BUNDLE_IDENTIFIER = art.indexingyourhe.gutenberg;
				PRODUCT_NAME = "$(TARGET_NAME)";
				SWIFT_EMIT_LOC_STRINGS = YES;
				SWIFT_VERSION = 5.0;
			};
			name = Release;
		};
/* End XCBuildConfiguration section */

/* Begin XCConfigurationList section */
		95315F6428D8B2840079E831 /* Build configuration list for PBXNativeTarget "Gutenberg" */ = {
			isa = XCConfigurationList;
			buildConfigurations = (
				95315F6228D8B2840079E831 /* Debug */,
				95315F6328D8B2840079E831 /* Release */,
			);
			defaultConfigurationIsVisible = 0;
			defaultConfigurationName = Release;
		};
		95B5D24528CA747B00C7C07A /* Build configuration list for PBXProject "Gutenberg" */ = {
			isa = XCConfigurationList;
			buildConfigurations = (
				95B5D25A28CA747D00C7C07A /* Debug */,
				95B5D25B28CA747D00C7C07A /* Release */,
			);
			defaultConfigurationIsVisible = 0;
			defaultConfigurationName = Release;
		};
		95B5D25C28CA747D00C7C07A /* Build configuration list for PBXNativeTarget "Gutenberg Mac" */ = {
			isa = XCConfigurationList;
			buildConfigurations = (
				95B5D25D28CA747D00C7C07A /* Debug */,
				95B5D25E28CA747D00C7C07A /* Release */,
			);
			defaultConfigurationIsVisible = 0;
			defaultConfigurationName = Release;
		};
/* End XCConfigurationList section */

/* Begin XCRemoteSwiftPackageReference section */
		95315F6F28D8B5E90079E831 /* XCRemoteSwiftPackageReference "Runestone" */ = {
			isa = XCRemoteSwiftPackageReference;
			repositoryURL = "https://github.com/simonbs/Runestone";
			requirement = {
				kind = upToNextMajorVersion;
				minimumVersion = 0.2.3;
			};
		};
		9558462728D8E067004EE8CD /* XCRemoteSwiftPackageReference "treesitterlanguages" */ = {
			isa = XCRemoteSwiftPackageReference;
			repositoryURL = "https://github.com/simonbs/treesitterlanguages";
			requirement = {
				kind = upToNextMajorVersion;
				minimumVersion = 0.1.2;
			};
		};
		9597F90828CB76CD00A886E3 /* XCRemoteSwiftPackageReference "SwiftUI-Introspect" */ = {
			isa = XCRemoteSwiftPackageReference;
			repositoryURL = "https://github.com/siteline/SwiftUI-Introspect";
			requirement = {
				kind = upToNextMajorVersion;
				minimumVersion = 0.1.4;
			};
		};
		95B5D25F28CA757100C7C07A /* XCRemoteSwiftPackageReference "JensonKit" */ = {
			isa = XCRemoteSwiftPackageReference;
			repositoryURL = "https://github.com/Indexing-Your-Heart/JensonKit";
			requirement = {
				branch = root;
				kind = branch;
			};
		};
		95DB209928CFB5FF0079D624 /* XCRemoteSwiftPackageReference "CodeEditorView" */ = {
			isa = XCRemoteSwiftPackageReference;
			repositoryURL = "https://github.com/mchakravarty/CodeEditorView";
			requirement = {
				kind = upToNextMajorVersion;
				minimumVersion = 0.9.0;
			};
		};
/* End XCRemoteSwiftPackageReference section */

/* Begin XCSwiftPackageProductDependency section */
		95315F6828D8B3810079E831 /* JensonKit */ = {
			isa = XCSwiftPackageProductDependency;
			package = 95B5D25F28CA757100C7C07A /* XCRemoteSwiftPackageReference "JensonKit" */;
			productName = JensonKit;
		};
		95315F7028D8B5E90079E831 /* Runestone */ = {
			isa = XCSwiftPackageProductDependency;
			package = 95315F6F28D8B5E90079E831 /* XCRemoteSwiftPackageReference "Runestone" */;
			productName = Runestone;
		};
		9558462C28D8E09F004EE8CD /* TreeSitterJSON */ = {
			isa = XCSwiftPackageProductDependency;
			package = 9558462728D8E067004EE8CD /* XCRemoteSwiftPackageReference "treesitterlanguages" */;
			productName = TreeSitterJSON;
		};
		9558463028D8E0AC004EE8CD /* TreeSitterJSONRunestone */ = {
			isa = XCSwiftPackageProductDependency;
			package = 9558462728D8E067004EE8CD /* XCRemoteSwiftPackageReference "treesitterlanguages" */;
			productName = TreeSitterJSONRunestone;
		};
		9558463228D8E158004EE8CD /* TreeSitterLanguagesCommon */ = {
			isa = XCSwiftPackageProductDependency;
			package = 9558462728D8E067004EE8CD /* XCRemoteSwiftPackageReference "treesitterlanguages" */;
			productName = TreeSitterLanguagesCommon;
		};
		9558464428D8EB4B004EE8CD /* Introspect */ = {
			isa = XCSwiftPackageProductDependency;
			package = 9597F90828CB76CD00A886E3 /* XCRemoteSwiftPackageReference "SwiftUI-Introspect" */;
			productName = Introspect;
		};
		9597F90928CB76CD00A886E3 /* Introspect */ = {
			isa = XCSwiftPackageProductDependency;
			package = 9597F90828CB76CD00A886E3 /* XCRemoteSwiftPackageReference "SwiftUI-Introspect" */;
			productName = Introspect;
		};
		95B5D26028CA757100C7C07A /* JensonKit */ = {
			isa = XCSwiftPackageProductDependency;
			package = 95B5D25F28CA757100C7C07A /* XCRemoteSwiftPackageReference "JensonKit" */;
			productName = JensonKit;
		};
		95DB209A28CFB5FF0079D624 /* CodeEditorView */ = {
			isa = XCSwiftPackageProductDependency;
			package = 95DB209928CFB5FF0079D624 /* XCRemoteSwiftPackageReference "CodeEditorView" */;
			productName = CodeEditorView;
		};
/* End XCSwiftPackageProductDependency section */
	};
	rootObject = 95B5D24228CA747B00C7C07A /* Project object */;
}
