{
  "pins" : [
    {
      "identity" : "codeeditorview",
      "kind" : "remoteSourceControl",
      "location" : "https://github.com/mchakravarty/CodeEditorView",
      "state" : {
        "revision" : "325759c1cc2873fd5eba0f8d4eedd0233ac9eca7",
        "version" : "0.10.0"
      }
    },
    {
      "identity" : "fig-swift-argument-parser",
      "kind" : "remoteSourceControl",
      "location" : "https://github.com/withfig/fig-swift-argument-parser",
      "state" : {
        "revision" : "135586a837dec2d3711584a68e5ca90ee945d9c5",
        "version" : "0.1.0"
      }
    },
    {
      "identity" : "jensonkit",
      "kind" : "remoteSourceControl",
      "location" : "https://github.com/Indexing-Your-Heart/JensonKit",
      "state" : {
        "branch" : "root",
        "revision" : "e92b39c15c24fa0a69b5f591ad94ffc4fe72e1b0"
      }
    },
    {
      "identity" : "marteau",
      "kind" : "remoteSourceControl",
      "location" : "https://github.com/Indexing-Your-Heart/marteau",
      "state" : {
        "branch" : "root",
        "revision" : "43e03cb1d6a245b097b22022ff8510e475e960f9"
      }
    },
    {
      "identity" : "runestone",
      "kind" : "remoteSourceControl",
      "location" : "https://github.com/simonbs/Runestone",
      "state" : {
        "revision" : "e9d220ae1a00b5ef00a7b6146d77f660f9e5dbe2",
        "version" : "0.2.10"
      }
    },
    {
      "identity" : "swift-argument-parser",
      "kind" : "remoteSourceControl",
      "location" : "https://github.com/apple/swift-argument-parser",
      "state" : {
        "revision" : "fddd1c00396eed152c45a46bea9f47b98e59301d",
        "version" : "1.2.0"
      }
    },
    {
      "identity" : "swift-cmark",
      "kind" : "remoteSourceControl",
      "location" : "https://github.com/apple/swift-cmark.git",
      "state" : {
        "branch" : "gfm",
        "revision" : "bfdc057b5a02fc65af20771a7ba08f9c944eb117"
      }
    },
    {
      "identity" : "swift-log",
      "kind" : "remoteSourceControl",
      "location" : "https://github.com/apple/swift-log.git",
      "state" : {
        "revision" : "6fe203dc33195667ce1759bf0182975e4653ba1c",
        "version" : "1.4.4"
      }
    },
    {
      "identity" : "swift-markdown",
      "kind" : "remoteSourceControl",
      "location" : "https://github.com/apple/swift-markdown.git",
      "state" : {
        "branch" : "main",
        "revision" : "7dd6c526c9184fd7fabdda592167f305727b515e"
      }
    },
    {
      "identity" : "swiftui-introspect",
      "kind" : "remoteSourceControl",
      "location" : "https://github.com/siteline/SwiftUI-Introspect",
      "state" : {
        "revision" : "f2616860a41f9d9932da412a8978fec79c06fe24",
        "version" : "0.1.4"
      }
    },
    {
      "identity" : "treesitterlanguages",
      "kind" : "remoteSourceControl",
      "location" : "https://github.com/simonbs/treesitterlanguages",
      "state" : {
        "revision" : "f23b8872561daf747e233ba7d6130d9e680f52e1",
        "version" : "0.1.4"
      }
    }
  ],
  "version" : 2
}
